
Microsoft Visual Studio Solution File, Format Version 12.00
# Visual Studio Version 17
VisualStudioVersion = 17.10.35013.160
MinimumVisualStudioVersion = 10.0.40219.1
Project("{FAE04EC0-301F-11D3-BF4B-00C04F79EFBC}") = "CrudApp", "CrudApp\CrudApp.csproj", "{BA161B54-89FC-468D-98C4-549750B513D3}"
EndProject
Global
	GlobalSection(SolutionConfigurationPlatforms) = preSolution
		Debug|Any CPU = Debug|Any CPU
		Release|Any CPU = Release|Any CPU
	EndGlobalSection
	GlobalSection(ProjectConfigurationPlatforms) = postSolution
		{BA161B54-89FC-468D-98C4-549750B513D3}.Debug|Any CPU.ActiveCfg = Debug|Any CPU
		{BA161B54-89FC-468D-98C4-549750B513D3}.Debug|Any CPU.Build.0 = Debug|Any CPU
		{BA161B54-89FC-468D-98C4-549750B513D3}.Release|Any CPU.ActiveCfg = Release|Any CPU
		{BA161B54-89FC-468D-98C4-549750B513D3}.Release|Any CPU.Build.0 = Release|Any CPU
	EndGlobalSection
	GlobalSection(SolutionProperties) = preSolution
		HideSolutionNode = FALSE
	EndGlobalSection
	GlobalSection(ExtensibilityGlobals) = postSolution
		SolutionGuid = {C623E8CA-829D-4DB4-B65A-B7985B6947A0}
	EndGlobalSection
EndGlobal
